<Solution>
  <Project Path="MOBA.Utilities/MOBA.Utilities.csproj" />
  <Project Path="MOBA.Engine.Core/MOBA.Engine.Core.csproj" />
  <Project Path="MOBA.Engine.Graphics/MOBA.Engine.Graphics.csproj" />
  <Project Path="MOBA.Engine.Graphics.OpenGL/MOBA.Engine.Graphics.OpenGL.csproj" />
  <Project Path="MOBA.Engine.Networking/MOBA.Engine.Networking.csproj" />
  <Project Path="MOBA.Engine.Networking.Riptide/MOBA.Engine.Networking.Riptide.csproj" />
  <Project Path="MOBA.Game/MOBA.Game.csproj" />
  <Project Path="MOBA.Game.Client/MOBA.Game.Client.csproj" />
  <Project Path="MOBA.Server/MOBA.Server.csproj" />
  <Project Path="MOBA.Client/MOBA.Client.csproj" />
  <Project Path="MOBA.Editor/MOBA.Editor.csproj" />
  <Project Path="tests/MOBA.Architecture.Tests/MOBA.Architecture.Tests.csproj" />
  <Project Path="tests/MOBA.Game.Tests/MOBA.Game.Tests.csproj" />
  <Project Path="tests/MOBA.Utilities.Tests/MOBA.Utilities.Tests.csproj" />
  <Project Path="tools/MOBA.Tools.NavMeshGen/MOBA.Tools.NavMeshGen.csproj" />
</Solution>
